
Microsoft Visual Studio Solution File, Format Version 12.00
# Visual Studio 14
VisualStudioVersion = 14.0.25420.1
MinimumVisualStudioVersion = 10.0.40219.1
Project("{FAE04EC0-301F-11D3-BF4B-00C04F79EFBC}") = "Test_01", "Test_01\Test_01.csproj", "{2DF1554D-5F6E-4CFA-B957-BD651E618D85}"
EndProject
Global
	GlobalSection(SolutionConfigurationPlatforms) = preSolution
		Debug|Any CPU = Debug|Any CPU
		Release|Any CPU = Release|Any CPU
	EndGlobalSection
	GlobalSection(ProjectConfigurationPlatforms) = postSolution
		{2DF1554D-5F6E-4CFA-B957-BD651E618D85}.Debug|Any CPU.ActiveCfg = Debug|Any CPU
		{2DF1554D-5F6E-4CFA-B957-BD651E618D85}.Debug|Any CPU.Build.0 = Debug|Any CPU
		{2DF1554D-5F6E-4CFA-B957-BD651E618D85}.Release|Any CPU.ActiveCfg = Release|Any CPU
		{2DF1554D-5F6E-4CFA-B957-BD651E618D85}.Release|Any CPU.Build.0 = Release|Any CPU
	EndGlobalSection
	GlobalSection(SolutionProperties) = preSolution
		HideSolutionNode = FALSE
	EndGlobalSection
EndGlobal
